
Microsoft Visual Studio Solution File, Format Version 12.00
# Visual Studio Version 17
VisualStudioVersion = 17.3.32819.101
MinimumVisualStudioVersion = 10.0.40219.1
Project("{9A19103F-16F7-4668-BE54-9A1E7A4F7556}") = "TheUltimatePizzaApp", "TheUltimatePizzaApp\TheUltimatePizzaApp.csproj", "{11E3B0A4-7EC5-42FD-9C09-362B37BA7519}"
EndProject
Global
	GlobalSection(SolutionConfigurationPlatforms) = preSolution
		Debug|Any CPU = Debug|Any CPU
		Release|Any CPU = Release|Any CPU
	EndGlobalSection
	GlobalSection(ProjectConfigurationPlatforms) = postSolution
		{11E3B0A4-7EC5-42FD-9C09-362B37BA7519}.Debug|Any CPU.ActiveCfg = Debug|Any CPU
		{11E3B0A4-7EC5-42FD-9C09-362B37BA7519}.Debug|Any CPU.Build.0 = Debug|Any CPU
		{11E3B0A4-7EC5-42FD-9C09-362B37BA7519}.Release|Any CPU.ActiveCfg = Release|Any CPU
		{11E3B0A4-7EC5-42FD-9C09-362B37BA7519}.Release|Any CPU.Build.0 = Release|Any CPU
	EndGlobalSection
	GlobalSection(SolutionProperties) = preSolution
		HideSolutionNode = FALSE
	EndGlobalSection
	GlobalSection(ExtensibilityGlobals) = postSolution
		SolutionGuid = {160EEFA7-7289-48DC-8059-791FFBE428AE}
	EndGlobalSection
EndGlobal
